{
  "originHash" : "041cf42cc35dd3b9b3847f9285240426c190666d2897e1e018ed53f1701920a8",
  "pins" : [
    {
      "identity" : "microsoft-authentication-library-for-objc",
      "kind" : "remoteSourceControl",
      "location" : "https://github.com/AzureAD/microsoft-authentication-library-for-objc.git",
      "state" : {
        "revision" : "be848ee7fa9516cec47ae6de47cf1087d51bc774",
        "version" : "1.9.0"
      }
    },
    {
      "identity" : "ms-intune-app-sdk-ios",
      "kind" : "remoteSourceControl",
      "location" : "https://github.com/microsoftconnect/ms-intune-app-sdk-ios.git",
      "state" : {
        "revision" : "8be6896791fd45228a6906f9b8608418b96ab24f",
        "version" : "20.5.0"
      }
    }
  ],
  "version" : 3
}
