{
  "originHash" : "041cf42cc35dd3b9b3847f9285240426c190666d2897e1e018ed53f1701920a8",
  "pins" : [
    {
      "identity" : "microsoft-authentication-library-for-objc",
      "kind" : "remoteSourceControl",
      "location" : "https://github.com/AzureAD/microsoft-authentication-library-for-objc.git",
      "state" : {
        "revision" : "09c275ada2236a834b981f6a4d5ecb491b576d6c",
        "version" : "2.7.0"
      }
    },
    {
      "identity" : "ms-intune-app-sdk-ios",
      "kind" : "remoteSourceControl",
      "location" : "https://github.com/microsoftconnect/ms-intune-app-sdk-ios.git",
      "state" : {
        "revision" : "9aba5b0068e00898e6bd4e681b61f793b0872eb1",
        "version" : "21.4.0"
      }
    }
  ],
  "version" : 3
}
